
Microsoft Visual Studio Solution File, Format Version 12.00
# Visual Studio Version 17
VisualStudioVersion = 17.7.34018.315
MinimumVisualStudioVersion = 10.0.40219.1
Project("{8BC9CEB8-8B4A-11D0-8D11-00A0C91BC942}") = "Zad1", "Zad1.vcxproj", "{F949CCC3-ABD9-4794-BBF6-C4A6893FE906}"
EndProject
Global
	GlobalSection(SolutionConfigurationPlatforms) = preSolution
		Debug|x64 = Debug|x64
		Debug|x86 = Debug|x86
		Release|x64 = Release|x64
		Release|x86 = Release|x86
	EndGlobalSection
	GlobalSection(ProjectConfigurationPlatforms) = postSolution
		{F949CCC3-ABD9-4794-BBF6-C4A6893FE906}.Debug|x64.ActiveCfg = Debug|x64
		{F949CCC3-ABD9-4794-BBF6-C4A6893FE906}.Debug|x64.Build.0 = Debug|x64
		{F949CCC3-ABD9-4794-BBF6-C4A6893FE906}.Debug|x86.ActiveCfg = Debug|Win32
		{F949CCC3-ABD9-4794-BBF6-C4A6893FE906}.Debug|x86.Build.0 = Debug|Win32
		{F949CCC3-ABD9-4794-BBF6-C4A6893FE906}.Release|x64.ActiveCfg = Release|x64
		{F949CCC3-ABD9-4794-BBF6-C4A6893FE906}.Release|x64.Build.0 = Release|x64
		{F949CCC3-ABD9-4794-BBF6-C4A6893FE906}.Release|x86.ActiveCfg = Release|Win32
		{F949CCC3-ABD9-4794-BBF6-C4A6893FE906}.Release|x86.Build.0 = Release|Win32
	EndGlobalSection
	GlobalSection(SolutionProperties) = preSolution
		HideSolutionNode = FALSE
	EndGlobalSection
	GlobalSection(ExtensibilityGlobals) = postSolution
		SolutionGuid = {A8C24975-7174-4BEA-A95C-3CFDEDF5FD4A}
	EndGlobalSection
EndGlobal
